
Microsoft Visual Studio Solution File, Format Version 12.00
# Visual Studio Version 17
VisualStudioVersion = 17.3.32901.215
MinimumVisualStudioVersion = 10.0.40219.1
Project("{9A19103F-16F7-4668-BE54-9A1E7A4F7556}") = "VeloWorldSystem.Models", "VeloWorldSystem.Models\VeloWorldSystem.Models.csproj", "{2D27EE55-92FA-44FC-87C1-5E17928D27EF}"
EndProject
Project("{9A19103F-16F7-4668-BE54-9A1E7A4F7556}") = "VeloWorldSystem.Data", "VeloWorldSystem.Data\VeloWorldSystem.Data.csproj", "{F7CA85E3-46E1-4D77-B383-6324363AC0F5}"
EndProject
Project("{9A19103F-16F7-4668-BE54-9A1E7A4F7556}") = "VeloWorldSystem.DtoModels", "VeloWorldSystem.Web.ViewModels\VeloWorldSystem.DtoModels.csproj", "{7EF415CF-5A14-44CB-9AFD-51AE8DADC300}"
EndProject
Project("{9A19103F-16F7-4668-BE54-9A1E7A4F7556}") = "VeloWorldSystem.Services", "VeloWorldSystem.Services\VeloWorldSystem.Services.csproj", "{695C8689-976C-4B80-8ACE-0A04C9D554A7}"
EndProject
Project("{9A19103F-16F7-4668-BE54-9A1E7A4F7556}") = "VeloWorldSystem.Common", "VeloWorldSystem.Common\VeloWorldSystem.Common.csproj", "{8F6855CF-4068-40D6-BA5D-D64723DAB401}"
EndProject
Project("{2150E333-8FDC-42A3-9474-1A3956D46DE8}") = "Presentation", "Presentation", "{13E67952-627B-474B-B245-7CE32A80C772}"
EndProject
Project("{2150E333-8FDC-42A3-9474-1A3956D46DE8}") = "Common", "Common", "{4D17770E-295C-442A-BE20-62001114600C}"
EndProject
Project("{2150E333-8FDC-42A3-9474-1A3956D46DE8}") = "Tests", "Tests", "{6B91A7FB-6E9B-4C4E-9BE3-5036878CCA1B}"
	ProjectSection(SolutionItems) = preProject
		Readme.txt = Readme.txt
	EndProjectSection
EndProject
Project("{2150E333-8FDC-42A3-9474-1A3956D46DE8}") = "Data", "Data", "{B5BC3F00-2FF9-4618-BD42-04AD197BBCDD}"
EndProject
Project("{2150E333-8FDC-42A3-9474-1A3956D46DE8}") = "Services", "Services", "{9D44CDA9-532D-4F6A-A7BA-B84FDCAF6552}"
EndProject
Project("{9A19103F-16F7-4668-BE54-9A1E7A4F7556}") = "VeloWorldSystem.Mapping", "VeloWorldSystem.Mapping\VeloWorldSystem.Mapping.csproj", "{8EA20E92-D667-4B59-B97D-595A01D6771A}"
EndProject
Project("{FAE04EC0-301F-11D3-BF4B-00C04F79EFBC}") = "VeloWorldSystem.Web", "VeloWorldSystem.Web\VeloWorldSystem.Web.csproj", "{4A1B1076-6071-4985-A861-8BDAEBE9553E}"
EndProject
Global
	GlobalSection(SolutionConfigurationPlatforms) = preSolution
		Debug|Any CPU = Debug|Any CPU
		Release|Any CPU = Release|Any CPU
	EndGlobalSection
	GlobalSection(ProjectConfigurationPlatforms) = postSolution
		{2D27EE55-92FA-44FC-87C1-5E17928D27EF}.Debug|Any CPU.ActiveCfg = Debug|Any CPU
		{2D27EE55-92FA-44FC-87C1-5E17928D27EF}.Debug|Any CPU.Build.0 = Debug|Any CPU
		{2D27EE55-92FA-44FC-87C1-5E17928D27EF}.Release|Any CPU.ActiveCfg = Release|Any CPU
		{2D27EE55-92FA-44FC-87C1-5E17928D27EF}.Release|Any CPU.Build.0 = Release|Any CPU
		{F7CA85E3-46E1-4D77-B383-6324363AC0F5}.Debug|Any CPU.ActiveCfg = Debug|Any CPU
		{F7CA85E3-46E1-4D77-B383-6324363AC0F5}.Debug|Any CPU.Build.0 = Debug|Any CPU
		{F7CA85E3-46E1-4D77-B383-6324363AC0F5}.Release|Any CPU.ActiveCfg = Release|Any CPU
		{F7CA85E3-46E1-4D77-B383-6324363AC0F5}.Release|Any CPU.Build.0 = Release|Any CPU
		{7EF415CF-5A14-44CB-9AFD-51AE8DADC300}.Debug|Any CPU.ActiveCfg = Debug|Any CPU
		{7EF415CF-5A14-44CB-9AFD-51AE8DADC300}.Debug|Any CPU.Build.0 = Debug|Any CPU
		{7EF415CF-5A14-44CB-9AFD-51AE8DADC300}.Release|Any CPU.ActiveCfg = Release|Any CPU
		{7EF415CF-5A14-44CB-9AFD-51AE8DADC300}.Release|Any CPU.Build.0 = Release|Any CPU
		{695C8689-976C-4B80-8ACE-0A04C9D554A7}.Debug|Any CPU.ActiveCfg = Debug|Any CPU
		{695C8689-976C-4B80-8ACE-0A04C9D554A7}.Debug|Any CPU.Build.0 = Debug|Any CPU
		{695C8689-976C-4B80-8ACE-0A04C9D554A7}.Release|Any CPU.ActiveCfg = Release|Any CPU
		{695C8689-976C-4B80-8ACE-0A04C9D554A7}.Release|Any CPU.Build.0 = Release|Any CPU
		{8F6855CF-4068-40D6-BA5D-D64723DAB401}.Debug|Any CPU.ActiveCfg = Debug|Any CPU
		{8F6855CF-4068-40D6-BA5D-D64723DAB401}.Debug|Any CPU.Build.0 = Debug|Any CPU
		{8F6855CF-4068-40D6-BA5D-D64723DAB401}.Release|Any CPU.ActiveCfg = Release|Any CPU
		{8F6855CF-4068-40D6-BA5D-D64723DAB401}.Release|Any CPU.Build.0 = Release|Any CPU
		{8EA20E92-D667-4B59-B97D-595A01D6771A}.Debug|Any CPU.ActiveCfg = Debug|Any CPU
		{8EA20E92-D667-4B59-B97D-595A01D6771A}.Debug|Any CPU.Build.0 = Debug|Any CPU
		{8EA20E92-D667-4B59-B97D-595A01D6771A}.Release|Any CPU.ActiveCfg = Release|Any CPU
		{8EA20E92-D667-4B59-B97D-595A01D6771A}.Release|Any CPU.Build.0 = Release|Any CPU
		{4A1B1076-6071-4985-A861-8BDAEBE9553E}.Debug|Any CPU.ActiveCfg = Debug|Any CPU
		{4A1B1076-6071-4985-A861-8BDAEBE9553E}.Debug|Any CPU.Build.0 = Debug|Any CPU
		{4A1B1076-6071-4985-A861-8BDAEBE9553E}.Release|Any CPU.ActiveCfg = Release|Any CPU
		{4A1B1076-6071-4985-A861-8BDAEBE9553E}.Release|Any CPU.Build.0 = Release|Any CPU
	EndGlobalSection
	GlobalSection(SolutionProperties) = preSolution
		HideSolutionNode = FALSE
	EndGlobalSection
	GlobalSection(NestedProjects) = preSolution
		{2D27EE55-92FA-44FC-87C1-5E17928D27EF} = {B5BC3F00-2FF9-4618-BD42-04AD197BBCDD}
		{F7CA85E3-46E1-4D77-B383-6324363AC0F5} = {B5BC3F00-2FF9-4618-BD42-04AD197BBCDD}
		{7EF415CF-5A14-44CB-9AFD-51AE8DADC300} = {13E67952-627B-474B-B245-7CE32A80C772}
		{695C8689-976C-4B80-8ACE-0A04C9D554A7} = {9D44CDA9-532D-4F6A-A7BA-B84FDCAF6552}
		{8F6855CF-4068-40D6-BA5D-D64723DAB401} = {4D17770E-295C-442A-BE20-62001114600C}
		{8EA20E92-D667-4B59-B97D-595A01D6771A} = {9D44CDA9-532D-4F6A-A7BA-B84FDCAF6552}
		{4A1B1076-6071-4985-A861-8BDAEBE9553E} = {13E67952-627B-474B-B245-7CE32A80C772}
	EndGlobalSection
	GlobalSection(ExtensibilityGlobals) = postSolution
		SolutionGuid = {89DB1A6D-F1C6-467D-B9BF-71675C538561}
	EndGlobalSection
EndGlobal
