
Microsoft Visual Studio Solution File, Format Version 12.00
# Visual Studio Version 17
VisualStudioVersion = 17.3.32901.215
MinimumVisualStudioVersion = 10.0.40219.1
Project("{FAE04EC0-301F-11D3-BF4B-00C04F79EFBC}") = "VeloWorldSystem.Models", "VeloWorldSystem.Models\VeloWorldSystem.Models.csproj", "{2D27EE55-92FA-44FC-87C1-5E17928D27EF}"
EndProject
Global
	GlobalSection(SolutionConfigurationPlatforms) = preSolution
		Debug|Any CPU = Debug|Any CPU
		Release|Any CPU = Release|Any CPU
	EndGlobalSection
	GlobalSection(ProjectConfigurationPlatforms) = postSolution
		{2D27EE55-92FA-44FC-87C1-5E17928D27EF}.Debug|Any CPU.ActiveCfg = Debug|Any CPU
		{2D27EE55-92FA-44FC-87C1-5E17928D27EF}.Debug|Any CPU.Build.0 = Debug|Any CPU
		{2D27EE55-92FA-44FC-87C1-5E17928D27EF}.Release|Any CPU.ActiveCfg = Release|Any CPU
		{2D27EE55-92FA-44FC-87C1-5E17928D27EF}.Release|Any CPU.Build.0 = Release|Any CPU
	EndGlobalSection
	GlobalSection(SolutionProperties) = preSolution
		HideSolutionNode = FALSE
	EndGlobalSection
	GlobalSection(ExtensibilityGlobals) = postSolution
		SolutionGuid = {89DB1A6D-F1C6-467D-B9BF-71675C538561}
	EndGlobalSection
EndGlobal
